{
  "nodes": {
    "nixpkgs": {
      "locked": {
        "lastModified": 1787631388,
        "narHash": "sha256-ZEByVBPrWjUOLKInvr2aOGcy13/ObSLNEt/1o5ThyzA=",
        "rev": "ac6b2166e7a9375683b8e98f860f273222337b16",
        "type": "tarball",
        "url": "https://releases.nixos.org/nixpkgs/nixpkgs-26.11pre1061294.ac6b2166e7a9/nixexprs.tar.xz"
      },
      "original": {
        "type": "tarball",
        "url": "https://nixos.org/channels/nixpkgs-unstable/nixexprs.tar.xz"
      }
    },
    "nurpkgs": {
      "inputs": {
        "nixpkgs": "nixpkgs"
      },
      "locked": {
        "lastModified": 1787704603,
        "narHash": "sha256-GgI5GVg/Lo5qG/mSlmONGafI8H0DIamL307aMupvJEc=",
        "owner": "mio-19",
        "repo": "nurpkgs",
        "rev": "fa05dc6872e86cfd2b6c47964bfe13bec66a1661",
        "type": "github"
      },
      "original": {
        "owner": "mio-19",
        "repo": "nurpkgs",
        "type": "github"
      }
    },
    "root": {
      "inputs": {
        "nixpkgs": [
          "nurpkgs",
          "nixpkgs"
        ],
        "nurpkgs": "nurpkgs",
        "systems": "systems"
      }
    },
    "systems": {
      "locked": {
        "lastModified": 1681028828,
        "narHash": "sha256-Vy1rq5AaRuLzOxct8nz4T6wlgyUR7zLU309k9mBC768=",
        "owner": "nix-systems",
        "repo": "default",
        "rev": "da67096a3b9bf56a91d16901293e51ba5b49a27e",
        "type": "github"
      },
      "original": {
        "owner": "nix-systems",
        "repo": "default",
        "type": "github"
      }
    }
  },
  "root": "root",
  "version": 7
}
