{
  "nodes": {
    "nixpkgs": {
      "locked": {
        "lastModified": 1785602060,
        "narHash": "sha256-Kr66C7mAWVoVLl2vhGoDaDksNBHRIHneLaO2/c4drCw=",
        "rev": "a5cbcfe954791221bfffe2307f7d1a1bf61a871e",
        "type": "tarball",
        "url": "https://releases.nixos.org/nixpkgs/nixpkgs-26.11pre1045908.a5cbcfe95479/nixexprs.tar.xz"
      },
      "original": {
        "type": "tarball",
        "url": "https://nixos.org/channels/nixpkgs-unstable/nixexprs.tar.xz"
      }
    },
    "nurpkgs": {
      "inputs": {
        "nixpkgs": "nixpkgs"
      },
      "locked": {
        "lastModified": 1785721571,
        "narHash": "sha256-bIOKXegFGojnnMAQQICSTCOwcJ0cD04Sil6QGKDFWxw=",
        "owner": "mio-19",
        "repo": "nurpkgs",
        "rev": "8b4902f321bbcb7be64c3244b2f1bbeb2b64e760",
        "type": "github"
      },
      "original": {
        "owner": "mio-19",
        "repo": "nurpkgs",
        "type": "github"
      }
    },
    "root": {
      "inputs": {
        "nixpkgs": [
          "nurpkgs",
          "nixpkgs"
        ],
        "nurpkgs": "nurpkgs",
        "systems": "systems"
      }
    },
    "systems": {
      "locked": {
        "lastModified": 1681028828,
        "narHash": "sha256-Vy1rq5AaRuLzOxct8nz4T6wlgyUR7zLU309k9mBC768=",
        "owner": "nix-systems",
        "repo": "default",
        "rev": "da67096a3b9bf56a91d16901293e51ba5b49a27e",
        "type": "github"
      },
      "original": {
        "owner": "nix-systems",
        "repo": "default",
        "type": "github"
      }
    }
  },
  "root": "root",
  "version": 7
}
